
Microsoft Visual Studio Solution File, Format Version 12.00
Project("{FAE04EC0-301F-11D3-BF4B-00C04F79EFBC}") = "vidly", "vidly\vidly.csproj", "{6155A22F-E120-432F-9ACB-90B16EC78440}"
EndProject
Global
	GlobalSection(SolutionConfigurationPlatforms) = preSolution
		Debug|Any CPU = Debug|Any CPU
		Release|Any CPU = Release|Any CPU
	EndGlobalSection
	GlobalSection(ProjectConfigurationPlatforms) = postSolution
		{6155A22F-E120-432F-9ACB-90B16EC78440}.Debug|Any CPU.ActiveCfg = Debug|Any CPU
		{6155A22F-E120-432F-9ACB-90B16EC78440}.Debug|Any CPU.Build.0 = Debug|Any CPU
		{6155A22F-E120-432F-9ACB-90B16EC78440}.Release|Any CPU.ActiveCfg = Release|Any CPU
		{6155A22F-E120-432F-9ACB-90B16EC78440}.Release|Any CPU.Build.0 = Release|Any CPU
	EndGlobalSection
EndGlobal
